
Microsoft Visual Studio Solution File, Format Version 12.00
# Visual Studio Version 16
VisualStudioVersion = 16.0.31424.327
MinimumVisualStudioVersion = 10.0.40219.1
Project("{FAE04EC0-301F-11D3-BF4B-00C04F79EFBC}") = "EHIProject", "EHIProject\EHIProject.csproj", "{3231E80B-59DF-4C4C-A17C-B6B5006FE8B4}"
EndProject
Global
	GlobalSection(SolutionConfigurationPlatforms) = preSolution
		Debug|Any CPU = Debug|Any CPU
		Release|Any CPU = Release|Any CPU
	EndGlobalSection
	GlobalSection(ProjectConfigurationPlatforms) = postSolution
		{3231E80B-59DF-4C4C-A17C-B6B5006FE8B4}.Debug|Any CPU.ActiveCfg = Debug|Any CPU
		{3231E80B-59DF-4C4C-A17C-B6B5006FE8B4}.Debug|Any CPU.Build.0 = Debug|Any CPU
		{3231E80B-59DF-4C4C-A17C-B6B5006FE8B4}.Release|Any CPU.ActiveCfg = Release|Any CPU
		{3231E80B-59DF-4C4C-A17C-B6B5006FE8B4}.Release|Any CPU.Build.0 = Release|Any CPU
	EndGlobalSection
	GlobalSection(SolutionProperties) = preSolution
		HideSolutionNode = FALSE
	EndGlobalSection
	GlobalSection(ExtensibilityGlobals) = postSolution
		SolutionGuid = {C0004BC3-513E-433D-A43F-6C3D1DC11637}
	EndGlobalSection
EndGlobal
